
Microsoft Visual Studio Solution File, Format Version 12.00
# Visual Studio Version 17
VisualStudioVersion = 17.0.31903.59
MinimumVisualStudioVersion = 10.0.40219.1
Project("{FAE04EC0-301F-11D3-BF4B-00C04F79EFBC}") = "ServiceA.API", "ServiceA.API\ServiceA.API.csproj", "{5EDB519B-1653-4053-A822-07882FCBC4DC}"
EndProject
Project("{FAE04EC0-301F-11D3-BF4B-00C04F79EFBC}") = "ServiceB.API", "ServiceB.API\ServiceB.API.csproj", "{582C1AD5-E7E7-4946-9880-C5AB8A6E8D4C}"
EndProject
Global
	GlobalSection(SolutionConfigurationPlatforms) = preSolution
		Debug|Any CPU = Debug|Any CPU
		Release|Any CPU = Release|Any CPU
	EndGlobalSection
	GlobalSection(SolutionProperties) = preSolution
		HideSolutionNode = FALSE
	EndGlobalSection
	GlobalSection(ProjectConfigurationPlatforms) = postSolution
		{5EDB519B-1653-4053-A822-07882FCBC4DC}.Debug|Any CPU.ActiveCfg = Debug|Any CPU
		{5EDB519B-1653-4053-A822-07882FCBC4DC}.Debug|Any CPU.Build.0 = Debug|Any CPU
		{5EDB519B-1653-4053-A822-07882FCBC4DC}.Release|Any CPU.ActiveCfg = Release|Any CPU
		{5EDB519B-1653-4053-A822-07882FCBC4DC}.Release|Any CPU.Build.0 = Release|Any CPU
		{582C1AD5-E7E7-4946-9880-C5AB8A6E8D4C}.Debug|Any CPU.ActiveCfg = Debug|Any CPU
		{582C1AD5-E7E7-4946-9880-C5AB8A6E8D4C}.Debug|Any CPU.Build.0 = Debug|Any CPU
		{582C1AD5-E7E7-4946-9880-C5AB8A6E8D4C}.Release|Any CPU.ActiveCfg = Release|Any CPU
		{582C1AD5-E7E7-4946-9880-C5AB8A6E8D4C}.Release|Any CPU.Build.0 = Release|Any CPU
	EndGlobalSection
EndGlobal
